
Microsoft Visual Studio Solution File, Format Version 12.00
# Visual Studio 15
VisualStudioVersion = 15.0.26730.16
MinimumVisualStudioVersion = 10.0.40219.1
Project("{8BC9CEB8-8B4A-11D0-8D11-00A0C91BC942}") = "Coursework", "Coursework\Coursework.vcxproj", "{5CA2A2C3-D6EC-4176-A4A9-160EFE55832C}"
EndProject
Global
	GlobalSection(SolutionConfigurationPlatforms) = preSolution
		Debug|x64 = Debug|x64
		Debug|x86 = Debug|x86
		Release|x64 = Release|x64
		Release|x86 = Release|x86
	EndGlobalSection
	GlobalSection(ProjectConfigurationPlatforms) = postSolution
		{5CA2A2C3-D6EC-4176-A4A9-160EFE55832C}.Debug|x64.ActiveCfg = Debug|x64
		{5CA2A2C3-D6EC-4176-A4A9-160EFE55832C}.Debug|x64.Build.0 = Debug|x64
		{5CA2A2C3-D6EC-4176-A4A9-160EFE55832C}.Debug|x86.ActiveCfg = Debug|Win32
		{5CA2A2C3-D6EC-4176-A4A9-160EFE55832C}.Debug|x86.Build.0 = Debug|Win32
		{5CA2A2C3-D6EC-4176-A4A9-160EFE55832C}.Release|x64.ActiveCfg = Release|x64
		{5CA2A2C3-D6EC-4176-A4A9-160EFE55832C}.Release|x64.Build.0 = Release|x64
		{5CA2A2C3-D6EC-4176-A4A9-160EFE55832C}.Release|x86.ActiveCfg = Release|Win32
		{5CA2A2C3-D6EC-4176-A4A9-160EFE55832C}.Release|x86.Build.0 = Release|Win32
	EndGlobalSection
	GlobalSection(SolutionProperties) = preSolution
		HideSolutionNode = FALSE
	EndGlobalSection
	GlobalSection(ExtensibilityGlobals) = postSolution
		SolutionGuid = {A34682C9-02EF-4FF0-BAE7-23BBD012F468}
	EndGlobalSection
EndGlobal
